
Microsoft Visual Studio Solution File, Format Version 12.00
# Visual Studio Version 16
VisualStudioVersion = 16.0.29519.87
MinimumVisualStudioVersion = 10.0.40219.1
Project("{FAE04EC0-301F-11D3-BF4B-00C04F79EFBC}") = "SolBo.Agent", "SolBo.Agent\SolBo.Agent.csproj", "{B6FF67CF-5BCF-4013-B300-FD2F15B4C2FB}"
EndProject
Global
	GlobalSection(SolutionConfigurationPlatforms) = preSolution
		Debug|Any CPU = Debug|Any CPU
		Release|Any CPU = Release|Any CPU
	EndGlobalSection
	GlobalSection(ProjectConfigurationPlatforms) = postSolution
		{B6FF67CF-5BCF-4013-B300-FD2F15B4C2FB}.Debug|Any CPU.ActiveCfg = Debug|Any CPU
		{B6FF67CF-5BCF-4013-B300-FD2F15B4C2FB}.Debug|Any CPU.Build.0 = Debug|Any CPU
		{B6FF67CF-5BCF-4013-B300-FD2F15B4C2FB}.Release|Any CPU.ActiveCfg = Release|Any CPU
		{B6FF67CF-5BCF-4013-B300-FD2F15B4C2FB}.Release|Any CPU.Build.0 = Release|Any CPU
	EndGlobalSection
	GlobalSection(SolutionProperties) = preSolution
		HideSolutionNode = FALSE
	EndGlobalSection
	GlobalSection(ExtensibilityGlobals) = postSolution
		SolutionGuid = {A4E13582-FF69-49A7-8091-99633929D6E9}
	EndGlobalSection
EndGlobal
